
Microsoft Visual Studio Solution File, Format Version 12.00
# Visual Studio Version 17
VisualStudioVersion = 17.8.34330.188
MinimumVisualStudioVersion = 10.0.40219.1
Project("{9A19103F-16F7-4668-BE54-9A1E7A4F7556}") = "ef-intro", "ef-intro.csproj", "{B1463C8B-E115-4425-B2D1-74E1AC615853}"
EndProject
Global
	GlobalSection(SolutionConfigurationPlatforms) = preSolution
		Debug|Any CPU = Debug|Any CPU
		Release|Any CPU = Release|Any CPU
	EndGlobalSection
	GlobalSection(ProjectConfigurationPlatforms) = postSolution
		{B1463C8B-E115-4425-B2D1-74E1AC615853}.Debug|Any CPU.ActiveCfg = Debug|Any CPU
		{B1463C8B-E115-4425-B2D1-74E1AC615853}.Debug|Any CPU.Build.0 = Debug|Any CPU
		{B1463C8B-E115-4425-B2D1-74E1AC615853}.Release|Any CPU.ActiveCfg = Release|Any CPU
		{B1463C8B-E115-4425-B2D1-74E1AC615853}.Release|Any CPU.Build.0 = Release|Any CPU
	EndGlobalSection
	GlobalSection(SolutionProperties) = preSolution
		HideSolutionNode = FALSE
	EndGlobalSection
	GlobalSection(ExtensibilityGlobals) = postSolution
		SolutionGuid = {B2D8C8A7-5B02-4A3E-B493-4D1CB3151A45}
	EndGlobalSection
EndGlobal
